
Microsoft Visual Studio Solution File, Format Version 12.00
# Visual Studio Version 17
VisualStudioVersion = 17.0.31903.59
MinimumVisualStudioVersion = 10.0.40219.1
Project("{FAE04EC0-301F-11D3-BF4B-00C04F79EFBC}") = "Test", "Test.csproj", "{44C66919-6CE2-42B5-AB33-5010BAF82EFA}"
EndProject
Global
	GlobalSection(SolutionConfigurationPlatforms) = preSolution
		Debug|Any CPU = Debug|Any CPU
		Release|Any CPU = Release|Any CPU
	EndGlobalSection
	GlobalSection(ProjectConfigurationPlatforms) = postSolution
		{44C66919-6CE2-42B5-AB33-5010BAF82EFA}.Debug|Any CPU.ActiveCfg = Debug|Any CPU
		{44C66919-6CE2-42B5-AB33-5010BAF82EFA}.Debug|Any CPU.Build.0 = Debug|Any CPU
		{44C66919-6CE2-42B5-AB33-5010BAF82EFA}.Release|Any CPU.ActiveCfg = Release|Any CPU
		{44C66919-6CE2-42B5-AB33-5010BAF82EFA}.Release|Any CPU.Build.0 = Release|Any CPU
	EndGlobalSection
	GlobalSection(SolutionProperties) = preSolution
		HideSolutionNode = FALSE
	EndGlobalSection
	GlobalSection(ExtensibilityGlobals) = postSolution
		SolutionGuid = {3B06EDB4-F459-48C9-B322-68DAFD68F41A}
	EndGlobalSection
EndGlobal
